{
  "name": "cornerstone",
  "version": "1.0.0",
  "lockfileVersion": 1,
  "requires": true,
  "dependencies": {
    "cornerstone-math": {
      "version": "0.1.6",
      "resolved": "https://registry.npmjs.org/cornerstone-math/-/cornerstone-math-0.1.6.tgz",
      "integrity": "sha1-k7OtcvroFTg8zlGAryODZVAgDDo="
    },
    "cornerstone-tools": {
      "version": "2.3.3",
      "resolved": "https://registry.npmjs.org/cornerstone-tools/-/cornerstone-tools-2.3.3.tgz",
      "integrity": "sha512-9CXCn5lPeT4gEeEUhAGpw7LGXVBdnbhlj97ct/egrp/WpApFdTHua1tuHT0fN+neA4u+8nV1d/BVu5QQlzszlg==",
      "requires": {
        "cornerstone-math": "0.1.6"
      }
    }
  }
}
