{
  "name": "jquerypanzoom",
  "version": "1.0.0",
  "lockfileVersion": 1,
  "requires": true,
  "dependencies": {
    "jquery.panzoom": {
      "version": "2.0.5",
      "resolved": "https://registry.npmjs.org/jquery.panzoom/-/jquery.panzoom-2.0.5.tgz",
      "integrity": "sha1-3ri+0FMGpZF9FgBDtC0Bvo8w9VA="
    }
  }
}
